// !$*UTF8*$!
{
	archiveVersion = 1;
	classes = {
	};
	objectVersion = 50;
	objects = {

/* Begin PBXBuildFile section */
		F20F0E9724405484005412B7 /* ImageCreditsTableViewController.swift in Sources */ = {isa = PBXBuildFile; fileRef = F20F0E9624405484005412B7 /* ImageCreditsTableViewController.swift */; };
		F20F0E99244054BA005412B7 /* ImageCredit.swift in Sources */ = {isa = PBXBuildFile; fileRef = F20F0E98244054BA005412B7 /* ImageCredit.swift */; };
		F224F38425A8FE8F005F0220 /* BooksProvider.swift in Sources */ = {isa = PBXBuildFile; fileRef = F224F38325A8FE8F005F0220 /* BooksProvider.swift */; };
		F26CE49A24815C1200B63124 /* BooksCollectionViewController.swift in Sources */ = {isa = PBXBuildFile; fileRef = F26CE49924815C1100B63124 /* BooksCollectionViewController.swift */; };
		F26CE49D24815C8700B63124 /* BookPagesTableViewController.swift in Sources */ = {isa = PBXBuildFile; fileRef = F26CE49C24815C8700B63124 /* BookPagesTableViewController.swift */; };
		F26CE49F24815DC700B63124 /* BookPageInputViewController.swift in Sources */ = {isa = PBXBuildFile; fileRef = F26CE49E24815DC700B63124 /* BookPageInputViewController.swift */; };
		F26CE4A124815ECB00B63124 /* BookPageInputView.swift in Sources */ = {isa = PBXBuildFile; fileRef = F26CE4A024815ECB00B63124 /* BookPageInputView.swift */; };
		F27FA765233952C400F3CD61 /* TimePeriod.swift in Sources */ = {isa = PBXBuildFile; fileRef = F27FA764233952C400F3CD61 /* TimePeriod.swift */; };
		F2827289233299F0004E94E0 /* AppDelegate.swift in Sources */ = {isa = PBXBuildFile; fileRef = F2827288233299F0004E94E0 /* AppDelegate.swift */; };
		F2827290233299F8004E94E0 /* Assets.xcassets in Resources */ = {isa = PBXBuildFile; fileRef = F282728F233299F8004E94E0 /* Assets.xcassets */; };
		F2827293233299F8004E94E0 /* LaunchScreen.storyboard in Resources */ = {isa = PBXBuildFile; fileRef = F2827291233299F8004E94E0 /* LaunchScreen.storyboard */; };
		F282729D23329D61004E94E0 /* NightDayViewController.swift in Sources */ = {isa = PBXBuildFile; fileRef = F282729C23329D61004E94E0 /* NightDayViewController.swift */; };
		F282729F23329DD4004E94E0 /* NightDayView.swift in Sources */ = {isa = PBXBuildFile; fileRef = F282729E23329DD4004E94E0 /* NightDayView.swift */; };
		F28272A12332B48A004E94E0 /* SettingsTableViewController.swift in Sources */ = {isa = PBXBuildFile; fileRef = F28272A02332B48A004E94E0 /* SettingsTableViewController.swift */; };
		F28272A32332B4B9004E94E0 /* SettingsTimeTableViewCell.swift in Sources */ = {isa = PBXBuildFile; fileRef = F28272A22332B4B9004E94E0 /* SettingsTimeTableViewCell.swift */; };
		F28272A52332B6B4004E94E0 /* TimeSetting.swift in Sources */ = {isa = PBXBuildFile; fileRef = F28272A42332B6B4004E94E0 /* TimeSetting.swift */; };
		F28272A72332C350004E94E0 /* FileManagerExtension.swift in Sources */ = {isa = PBXBuildFile; fileRef = F28272A62332C350004E94E0 /* FileManagerExtension.swift */; };
		F28272A92332CB22004E94E0 /* Time.swift in Sources */ = {isa = PBXBuildFile; fileRef = F28272A82332CB22004E94E0 /* Time.swift */; };
		F2B73A37259F248800F5CA3F /* Book.swift in Sources */ = {isa = PBXBuildFile; fileRef = F2B73A36259F248700F5CA3F /* Book.swift */; };
		F2B73A3A259F251D00F5CA3F /* Page.swift in Sources */ = {isa = PBXBuildFile; fileRef = F2B73A39259F251D00F5CA3F /* Page.swift */; };
		F2B73A3D259F25ED00F5CA3F /* BookCell.swift in Sources */ = {isa = PBXBuildFile; fileRef = F2B73A3C259F25ED00F5CA3F /* BookCell.swift */; };
		F2B73A40259F414800F5CA3F /* PageCell.swift in Sources */ = {isa = PBXBuildFile; fileRef = F2B73A3F259F414800F5CA3F /* PageCell.swift */; };
		F2B73A43259F434A00F5CA3F /* BookDetailsViewController.swift in Sources */ = {isa = PBXBuildFile; fileRef = F2B73A42259F434A00F5CA3F /* BookDetailsViewController.swift */; };
		F2B73A46259F437A00F5CA3F /* BookDetailsView.swift in Sources */ = {isa = PBXBuildFile; fileRef = F2B73A45259F437A00F5CA3F /* BookDetailsView.swift */; };
		F2CDF78A2440585C00A05AD2 /* ImageCreditCell.swift in Sources */ = {isa = PBXBuildFile; fileRef = F2CDF7892440585C00A05AD2 /* ImageCreditCell.swift */; };
		F2CDF7902440927C00A05AD2 /* AboutTableViewController.swift in Sources */ = {isa = PBXBuildFile; fileRef = F2CDF78F2440927C00A05AD2 /* AboutTableViewController.swift */; };
		F2CDF792244092B100A05AD2 /* AboutCell.swift in Sources */ = {isa = PBXBuildFile; fileRef = F2CDF791244092B100A05AD2 /* AboutCell.swift */; };
		F2CDF7942440944800A05AD2 /* AboutItem.swift in Sources */ = {isa = PBXBuildFile; fileRef = F2CDF7932440944800A05AD2 /* AboutItem.swift */; };
/* End PBXBuildFile section */

/* Begin PBXFileReference section */
		F20F0E9624405484005412B7 /* ImageCreditsTableViewController.swift */ = {isa = PBXFileReference; lastKnownFileType = sourcecode.swift; path = ImageCreditsTableViewController.swift; sourceTree = "<group>"; };
		F20F0E98244054BA005412B7 /* ImageCredit.swift */ = {isa = PBXFileReference; lastKnownFileType = sourcecode.swift; path = ImageCredit.swift; sourceTree = "<group>"; };
		F224F38325A8FE8F005F0220 /* BooksProvider.swift */ = {isa = PBXFileReference; lastKnownFileType = sourcecode.swift; path = BooksProvider.swift; sourceTree = "<group>"; };
		F26CE49924815C1100B63124 /* BooksCollectionViewController.swift */ = {isa = PBXFileReference; lastKnownFileType = sourcecode.swift; path = BooksCollectionViewController.swift; sourceTree = "<group>"; };
		F26CE49C24815C8700B63124 /* BookPagesTableViewController.swift */ = {isa = PBXFileReference; lastKnownFileType = sourcecode.swift; path = BookPagesTableViewController.swift; sourceTree = "<group>"; };
		F26CE49E24815DC700B63124 /* BookPageInputViewController.swift */ = {isa = PBXFileReference; lastKnownFileType = sourcecode.swift; path = BookPageInputViewController.swift; sourceTree = "<group>"; };
		F26CE4A024815ECB00B63124 /* BookPageInputView.swift */ = {isa = PBXFileReference; lastKnownFileType = sourcecode.swift; path = BookPageInputView.swift; sourceTree = "<group>"; };
		F27FA764233952C400F3CD61 /* TimePeriod.swift */ = {isa = PBXFileReference; lastKnownFileType = sourcecode.swift; path = TimePeriod.swift; sourceTree = "<group>"; };
		F2827285233299F0004E94E0 /* CanIGetUp.app */ = {isa = PBXFileReference; explicitFileType = wrapper.application; includeInIndex = 0; path = CanIGetUp.app; sourceTree = BUILT_PRODUCTS_DIR; };
		F2827288233299F0004E94E0 /* AppDelegate.swift */ = {isa = PBXFileReference; lastKnownFileType = sourcecode.swift; path = AppDelegate.swift; sourceTree = "<group>"; };
		F282728F233299F8004E94E0 /* Assets.xcassets */ = {isa = PBXFileReference; lastKnownFileType = folder.assetcatalog; path = Assets.xcassets; sourceTree = "<group>"; };
		F2827292233299F8004E94E0 /* Base */ = {isa = PBXFileReference; lastKnownFileType = file.storyboard; name = Base; path = Base.lproj/LaunchScreen.storyboard; sourceTree = "<group>"; };
		F2827294233299F8004E94E0 /* Info.plist */ = {isa = PBXFileReference; lastKnownFileType = text.plist.xml; path = Info.plist; sourceTree = "<group>"; };
		F282729C23329D61004E94E0 /* NightDayViewController.swift */ = {isa = PBXFileReference; lastKnownFileType = sourcecode.swift; path = NightDayViewController.swift; sourceTree = "<group>"; };
		F282729E23329DD4004E94E0 /* NightDayView.swift */ = {isa = PBXFileReference; lastKnownFileType = sourcecode.swift; path = NightDayView.swift; sourceTree = "<group>"; };
		F28272A02332B48A004E94E0 /* SettingsTableViewController.swift */ = {isa = PBXFileReference; lastKnownFileType = sourcecode.swift; path = SettingsTableViewController.swift; sourceTree = "<group>"; };
		F28272A22332B4B9004E94E0 /* SettingsTimeTableViewCell.swift */ = {isa = PBXFileReference; lastKnownFileType = sourcecode.swift; path = SettingsTimeTableViewCell.swift; sourceTree = "<group>"; };
		F28272A42332B6B4004E94E0 /* TimeSetting.swift */ = {isa = PBXFileReference; lastKnownFileType = sourcecode.swift; path = TimeSetting.swift; sourceTree = "<group>"; };
		F28272A62332C350004E94E0 /* FileManagerExtension.swift */ = {isa = PBXFileReference; lastKnownFileType = sourcecode.swift; path = FileManagerExtension.swift; sourceTree = "<group>"; };
		F28272A82332CB22004E94E0 /* Time.swift */ = {isa = PBXFileReference; lastKnownFileType = sourcecode.swift; path = Time.swift; sourceTree = "<group>"; };
		F2B73A36259F248700F5CA3F /* Book.swift */ = {isa = PBXFileReference; lastKnownFileType = sourcecode.swift; path = Book.swift; sourceTree = "<group>"; };
		F2B73A39259F251D00F5CA3F /* Page.swift */ = {isa = PBXFileReference; lastKnownFileType = sourcecode.swift; path = Page.swift; sourceTree = "<group>"; };
		F2B73A3C259F25ED00F5CA3F /* BookCell.swift */ = {isa = PBXFileReference; lastKnownFileType = sourcecode.swift; path = BookCell.swift; sourceTree = "<group>"; };
		F2B73A3F259F414800F5CA3F /* PageCell.swift */ = {isa = PBXFileReference; lastKnownFileType = sourcecode.swift; path = PageCell.swift; sourceTree = "<group>"; };
		F2B73A42259F434A00F5CA3F /* BookDetailsViewController.swift */ = {isa = PBXFileReference; lastKnownFileType = sourcecode.swift; path = BookDetailsViewController.swift; sourceTree = "<group>"; };
		F2B73A45259F437A00F5CA3F /* BookDetailsView.swift */ = {isa = PBXFileReference; lastKnownFileType = sourcecode.swift; path = BookDetailsView.swift; sourceTree = "<group>"; };
		F2CDF7892440585C00A05AD2 /* ImageCreditCell.swift */ = {isa = PBXFileReference; lastKnownFileType = sourcecode.swift; path = ImageCreditCell.swift; sourceTree = "<group>"; };
		F2CDF78F2440927C00A05AD2 /* AboutTableViewController.swift */ = {isa = PBXFileReference; lastKnownFileType = sourcecode.swift; path = AboutTableViewController.swift; sourceTree = "<group>"; };
		F2CDF791244092B100A05AD2 /* AboutCell.swift */ = {isa = PBXFileReference; lastKnownFileType = sourcecode.swift; path = AboutCell.swift; sourceTree = "<group>"; };
		F2CDF7932440944800A05AD2 /* AboutItem.swift */ = {isa = PBXFileReference; lastKnownFileType = sourcecode.swift; path = AboutItem.swift; sourceTree = "<group>"; };
/* End PBXFileReference section */

/* Begin PBXFrameworksBuildPhase section */
		F2827282233299F0004E94E0 /* Frameworks */ = {
			isa = PBXFrameworksBuildPhase;
			buildActionMask = 2147483647;
			files = (
			);
			runOnlyForDeploymentPostprocessing = 0;
		};
/* End PBXFrameworksBuildPhase section */

/* Begin PBXGroup section */
		F20F0E9524405453005412B7 /* Settings */ = {
			isa = PBXGroup;
			children = (
				F28272A02332B48A004E94E0 /* SettingsTableViewController.swift */,
				F28272A22332B4B9004E94E0 /* SettingsTimeTableViewCell.swift */,
				F28272A42332B6B4004E94E0 /* TimeSetting.swift */,
				F20F0E9624405484005412B7 /* ImageCreditsTableViewController.swift */,
				F2CDF7892440585C00A05AD2 /* ImageCreditCell.swift */,
				F20F0E98244054BA005412B7 /* ImageCredit.swift */,
				F2CDF78F2440927C00A05AD2 /* AboutTableViewController.swift */,
				F2CDF791244092B100A05AD2 /* AboutCell.swift */,
				F2CDF7932440944800A05AD2 /* AboutItem.swift */,
			);
			path = Settings;
			sourceTree = "<group>";
		};
		F26CE49B24815C1900B63124 /* Books */ = {
			isa = PBXGroup;
			children = (
				F26CE49924815C1100B63124 /* BooksCollectionViewController.swift */,
				F2B73A3C259F25ED00F5CA3F /* BookCell.swift */,
				F2B73A42259F434A00F5CA3F /* BookDetailsViewController.swift */,
				F2B73A45259F437A00F5CA3F /* BookDetailsView.swift */,
				F26CE49C24815C8700B63124 /* BookPagesTableViewController.swift */,
				F2B73A3F259F414800F5CA3F /* PageCell.swift */,
				F26CE49E24815DC700B63124 /* BookPageInputViewController.swift */,
				F26CE4A024815ECB00B63124 /* BookPageInputView.swift */,
				F2B73A36259F248700F5CA3F /* Book.swift */,
				F2B73A39259F251D00F5CA3F /* Page.swift */,
			);
			path = Books;
			sourceTree = "<group>";
		};
		F282727C233299F0004E94E0 = {
			isa = PBXGroup;
			children = (
				F2827287233299F0004E94E0 /* CanIGetUp */,
				F2827286233299F0004E94E0 /* Products */,
			);
			sourceTree = "<group>";
		};
		F2827286233299F0004E94E0 /* Products */ = {
			isa = PBXGroup;
			children = (
				F2827285233299F0004E94E0 /* CanIGetUp.app */,
			);
			name = Products;
			sourceTree = "<group>";
		};
		F2827287233299F0004E94E0 /* CanIGetUp */ = {
			isa = PBXGroup;
			children = (
				F2827288233299F0004E94E0 /* AppDelegate.swift */,
				F282729C23329D61004E94E0 /* NightDayViewController.swift */,
				F282729E23329DD4004E94E0 /* NightDayView.swift */,
				F27FA764233952C400F3CD61 /* TimePeriod.swift */,
				F26CE49B24815C1900B63124 /* Books */,
				F20F0E9524405453005412B7 /* Settings */,
				F28272A82332CB22004E94E0 /* Time.swift */,
				F224F38325A8FE8F005F0220 /* BooksProvider.swift */,
				F28272A62332C350004E94E0 /* FileManagerExtension.swift */,
				F282728F233299F8004E94E0 /* Assets.xcassets */,
				F2827291233299F8004E94E0 /* LaunchScreen.storyboard */,
				F2827294233299F8004E94E0 /* Info.plist */,
			);
			path = CanIGetUp;
			sourceTree = "<group>";
		};
/* End PBXGroup section */

/* Begin PBXNativeTarget section */
		F2827284233299F0004E94E0 /* CanIGetUp */ = {
			isa = PBXNativeTarget;
			buildConfigurationList = F2827297233299F8004E94E0 /* Build configuration list for PBXNativeTarget "CanIGetUp" */;
			buildPhases = (
				F2827281233299F0004E94E0 /* Sources */,
				F2827282233299F0004E94E0 /* Frameworks */,
				F2827283233299F0004E94E0 /* Resources */,
			);
			buildRules = (
			);
			dependencies = (
			);
			name = CanIGetUp;
			productName = CanIGetUp;
			productReference = F2827285233299F0004E94E0 /* CanIGetUp.app */;
			productType = "com.apple.product-type.application";
		};
/* End PBXNativeTarget section */

/* Begin PBXProject section */
		F282727D233299F0004E94E0 /* Project object */ = {
			isa = PBXProject;
			attributes = {
				LastSwiftUpdateCheck = 1030;
				LastUpgradeCheck = 1220;
				ORGANIZATIONNAME = dasdom;
				TargetAttributes = {
					F2827284233299F0004E94E0 = {
						CreatedOnToolsVersion = 10.3;
					};
				};
			};
			buildConfigurationList = F2827280233299F0004E94E0 /* Build configuration list for PBXProject "CanIGetUp" */;
			compatibilityVersion = "Xcode 9.3";
			developmentRegion = en;
			hasScannedForEncodings = 0;
			knownRegions = (
				en,
				Base,
			);
			mainGroup = F282727C233299F0004E94E0;
			productRefGroup = F2827286233299F0004E94E0 /* Products */;
			projectDirPath = "";
			projectRoot = "";
			targets = (
				F2827284233299F0004E94E0 /* CanIGetUp */,
			);
		};
/* End PBXProject section */

/* Begin PBXResourcesBuildPhase section */
		F2827283233299F0004E94E0 /* Resources */ = {
			isa = PBXResourcesBuildPhase;
			buildActionMask = 2147483647;
			files = (
				F2827293233299F8004E94E0 /* LaunchScreen.storyboard in Resources */,
				F2827290233299F8004E94E0 /* Assets.xcassets in Resources */,
			);
			runOnlyForDeploymentPostprocessing = 0;
		};
/* End PBXResourcesBuildPhase section */

/* Begin PBXSourcesBuildPhase section */
		F2827281233299F0004E94E0 /* Sources */ = {
			isa = PBXSourcesBuildPhase;
			buildActionMask = 2147483647;
			files = (
				F20F0E9724405484005412B7 /* ImageCreditsTableViewController.swift in Sources */,
				F2CDF7902440927C00A05AD2 /* AboutTableViewController.swift in Sources */,
				F2B73A3D259F25ED00F5CA3F /* BookCell.swift in Sources */,
				F282729F23329DD4004E94E0 /* NightDayView.swift in Sources */,
				F26CE49F24815DC700B63124 /* BookPageInputViewController.swift in Sources */,
				F2CDF78A2440585C00A05AD2 /* ImageCreditCell.swift in Sources */,
				F28272A12332B48A004E94E0 /* SettingsTableViewController.swift in Sources */,
				F28272A72332C350004E94E0 /* FileManagerExtension.swift in Sources */,
				F28272A32332B4B9004E94E0 /* SettingsTimeTableViewCell.swift in Sources */,
				F2B73A40259F414800F5CA3F /* PageCell.swift in Sources */,
				F2B73A43259F434A00F5CA3F /* BookDetailsViewController.swift in Sources */,
				F2B73A37259F248800F5CA3F /* Book.swift in Sources */,
				F28272A92332CB22004E94E0 /* Time.swift in Sources */,
				F27FA765233952C400F3CD61 /* TimePeriod.swift in Sources */,
				F2B73A3A259F251D00F5CA3F /* Page.swift in Sources */,
				F28272A52332B6B4004E94E0 /* TimeSetting.swift in Sources */,
				F2827289233299F0004E94E0 /* AppDelegate.swift in Sources */,
				F26CE49D24815C8700B63124 /* BookPagesTableViewController.swift in Sources */,
				F282729D23329D61004E94E0 /* NightDayViewController.swift in Sources */,
				F224F38425A8FE8F005F0220 /* BooksProvider.swift in Sources */,
				F2B73A46259F437A00F5CA3F /* BookDetailsView.swift in Sources */,
				F2CDF7942440944800A05AD2 /* AboutItem.swift in Sources */,
				F20F0E99244054BA005412B7 /* ImageCredit.swift in Sources */,
				F2CDF792244092B100A05AD2 /* AboutCell.swift in Sources */,
				F26CE49A24815C1200B63124 /* BooksCollectionViewController.swift in Sources */,
				F26CE4A124815ECB00B63124 /* BookPageInputView.swift in Sources */,
			);
			runOnlyForDeploymentPostprocessing = 0;
		};
/* End PBXSourcesBuildPhase section */

/* Begin PBXVariantGroup section */
		F2827291233299F8004E94E0 /* LaunchScreen.storyboard */ = {
			isa = PBXVariantGroup;
			children = (
				F2827292233299F8004E94E0 /* Base */,
			);
			name = LaunchScreen.storyboard;
			sourceTree = "<group>";
		};
/* End PBXVariantGroup section */

/* Begin XCBuildConfiguration section */
		F2827295233299F8004E94E0 /* Debug */ = {
			isa = XCBuildConfiguration;
			buildSettings = {
				ALWAYS_SEARCH_USER_PATHS = NO;
				CLANG_ANALYZER_NONNULL = YES;
				CLANG_ANALYZER_NUMBER_OBJECT_CONVERSION = YES_AGGRESSIVE;
				CLANG_CXX_LANGUAGE_STANDARD = "gnu++14";
				CLANG_CXX_LIBRARY = "libc++";
				CLANG_ENABLE_MODULES = YES;
				CLANG_ENABLE_OBJC_ARC = YES;
				CLANG_ENABLE_OBJC_WEAK = YES;
				CLANG_WARN_BLOCK_CAPTURE_AUTORELEASING = YES;
				CLANG_WARN_BOOL_CONVERSION = YES;
				CLANG_WARN_COMMA = YES;
				CLANG_WARN_CONSTANT_CONVERSION = YES;
				CLANG_WARN_DEPRECATED_OBJC_IMPLEMENTATIONS = YES;
				CLANG_WARN_DIRECT_OBJC_ISA_USAGE = YES_ERROR;
				CLANG_WARN_DOCUMENTATION_COMMENTS = YES;
				CLANG_WARN_EMPTY_BODY = YES;
				CLANG_WARN_ENUM_CONVERSION = YES;
				CLANG_WARN_INFINITE_RECURSION = YES;
				CLANG_WARN_INT_CONVERSION = YES;
				CLANG_WARN_NON_LITERAL_NULL_CONVERSION = YES;
				CLANG_WARN_OBJC_IMPLICIT_RETAIN_SELF = YES;
				CLANG_WARN_OBJC_LITERAL_CONVERSION = YES;
				CLANG_WARN_OBJC_ROOT_CLASS = YES_ERROR;
				CLANG_WARN_QUOTED_INCLUDE_IN_FRAMEWORK_HEADER = YES;
				CLANG_WARN_RANGE_LOOP_ANALYSIS = YES;
				CLANG_WARN_STRICT_PROTOTYPES = YES;
				CLANG_WARN_SUSPICIOUS_MOVE = YES;
				CLANG_WARN_UNGUARDED_AVAILABILITY = YES_AGGRESSIVE;
				CLANG_WARN_UNREACHABLE_CODE = YES;
				CLANG_WARN__DUPLICATE_METHOD_MATCH = YES;
				CODE_SIGN_IDENTITY = "iPhone Developer";
				COPY_PHASE_STRIP = NO;
				DEBUG_INFORMATION_FORMAT = dwarf;
				ENABLE_STRICT_OBJC_MSGSEND = YES;
				ENABLE_TESTABILITY = YES;
				GCC_C_LANGUAGE_STANDARD = gnu11;
				GCC_DYNAMIC_NO_PIC = NO;
				GCC_NO_COMMON_BLOCKS = YES;
				GCC_OPTIMIZATION_LEVEL = 0;
				GCC_PREPROCESSOR_DEFINITIONS = (
					"DEBUG=1",
					"$(inherited)",
				);
				GCC_WARN_64_TO_32_BIT_CONVERSION = YES;
				GCC_WARN_ABOUT_RETURN_TYPE = YES_ERROR;
				GCC_WARN_UNDECLARED_SELECTOR = YES;
				GCC_WARN_UNINITIALIZED_AUTOS = YES_AGGRESSIVE;
				GCC_WARN_UNUSED_FUNCTION = YES;
				GCC_WARN_UNUSED_VARIABLE = YES;
				IPHONEOS_DEPLOYMENT_TARGET = 12.4;
				MTL_ENABLE_DEBUG_INFO = INCLUDE_SOURCE;
				MTL_FAST_MATH = YES;
				ONLY_ACTIVE_ARCH = YES;
				SDKROOT = iphoneos;
				SWIFT_ACTIVE_COMPILATION_CONDITIONS = DEBUG;
				SWIFT_OPTIMIZATION_LEVEL = "-Onone";
			};
			name = Debug;
		};
		F2827296233299F8004E94E0 /* Release */ = {
			isa = XCBuildConfiguration;
			buildSettings = {
				ALWAYS_SEARCH_USER_PATHS = NO;
				CLANG_ANALYZER_NONNULL = YES;
				CLANG_ANALYZER_NUMBER_OBJECT_CONVERSION = YES_AGGRESSIVE;
				CLANG_CXX_LANGUAGE_STANDARD = "gnu++14";
				CLANG_CXX_LIBRARY = "libc++";
				CLANG_ENABLE_MODULES = YES;
				CLANG_ENABLE_OBJC_ARC = YES;
				CLANG_ENABLE_OBJC_WEAK = YES;
				CLANG_WARN_BLOCK_CAPTURE_AUTORELEASING = YES;
				CLANG_WARN_BOOL_CONVERSION = YES;
				CLANG_WARN_COMMA = YES;
				CLANG_WARN_CONSTANT_CONVERSION = YES;
				CLANG_WARN_DEPRECATED_OBJC_IMPLEMENTATIONS = YES;
				CLANG_WARN_DIRECT_OBJC_ISA_USAGE = YES_ERROR;
				CLANG_WARN_DOCUMENTATION_COMMENTS = YES;
				CLANG_WARN_EMPTY_BODY = YES;
				CLANG_WARN_ENUM_CONVERSION = YES;
				CLANG_WARN_INFINITE_RECURSION = YES;
				CLANG_WARN_INT_CONVERSION = YES;
				CLANG_WARN_NON_LITERAL_NULL_CONVERSION = YES;
				CLANG_WARN_OBJC_IMPLICIT_RETAIN_SELF = YES;
				CLANG_WARN_OBJC_LITERAL_CONVERSION = YES;
				CLANG_WARN_OBJC_ROOT_CLASS = YES_ERROR;
				CLANG_WARN_QUOTED_INCLUDE_IN_FRAMEWORK_HEADER = YES;
				CLANG_WARN_RANGE_LOOP_ANALYSIS = YES;
				CLANG_WARN_STRICT_PROTOTYPES = YES;
				CLANG_WARN_SUSPICIOUS_MOVE = YES;
				CLANG_WARN_UNGUARDED_AVAILABILITY = YES_AGGRESSIVE;
				CLANG_WARN_UNREACHABLE_CODE = YES;
				CLANG_WARN__DUPLICATE_METHOD_MATCH = YES;
				CODE_SIGN_IDENTITY = "iPhone Developer";
				COPY_PHASE_STRIP = NO;
				DEBUG_INFORMATION_FORMAT = "dwarf-with-dsym";
				ENABLE_NS_ASSERTIONS = NO;
				ENABLE_STRICT_OBJC_MSGSEND = YES;
				GCC_C_LANGUAGE_STANDARD = gnu11;
				GCC_NO_COMMON_BLOCKS = YES;
				GCC_WARN_64_TO_32_BIT_CONVERSION = YES;
				GCC_WARN_ABOUT_RETURN_TYPE = YES_ERROR;
				GCC_WARN_UNDECLARED_SELECTOR = YES;
				GCC_WARN_UNINITIALIZED_AUTOS = YES_AGGRESSIVE;
				GCC_WARN_UNUSED_FUNCTION = YES;
				GCC_WARN_UNUSED_VARIABLE = YES;
				IPHONEOS_DEPLOYMENT_TARGET = 12.4;
				MTL_ENABLE_DEBUG_INFO = NO;
				MTL_FAST_MATH = YES;
				SDKROOT = iphoneos;
				SWIFT_COMPILATION_MODE = wholemodule;
				SWIFT_OPTIMIZATION_LEVEL = "-O";
				VALIDATE_PRODUCT = YES;
			};
			name = Release;
		};
		F2827298233299F8004E94E0 /* Debug */ = {
			isa = XCBuildConfiguration;
			buildSettings = {
				ASSETCATALOG_COMPILER_APPICON_NAME = AppIcon;
				CODE_SIGN_STYLE = Automatic;
				CURRENT_PROJECT_VERSION = 2;
				DEVELOPMENT_TEAM = Q6PD97MRX4;
				INFOPLIST_FILE = CanIGetUp/Info.plist;
				IPHONEOS_DEPLOYMENT_TARGET = 9.0;
				LD_RUNPATH_SEARCH_PATHS = (
					"$(inherited)",
					"@executable_path/Frameworks",
				);
				MARKETING_VERSION = 1.0.1;
				PRODUCT_BUNDLE_IDENTIFIER = de.dasdom.CanIGetUp;
				PRODUCT_NAME = "$(TARGET_NAME)";
				SWIFT_VERSION = 5.0;
				TARGETED_DEVICE_FAMILY = "1,2";
			};
			name = Debug;
		};
		F2827299233299F8004E94E0 /* Release */ = {
			isa = XCBuildConfiguration;
			buildSettings = {
				ASSETCATALOG_COMPILER_APPICON_NAME = AppIcon;
				CODE_SIGN_STYLE = Automatic;
				CURRENT_PROJECT_VERSION = 2;
				DEVELOPMENT_TEAM = Q6PD97MRX4;
				INFOPLIST_FILE = CanIGetUp/Info.plist;
				IPHONEOS_DEPLOYMENT_TARGET = 9.0;
				LD_RUNPATH_SEARCH_PATHS = (
					"$(inherited)",
					"@executable_path/Frameworks",
				);
				MARKETING_VERSION = 1.0.1;
				PRODUCT_BUNDLE_IDENTIFIER = de.dasdom.CanIGetUp;
				PRODUCT_NAME = "$(TARGET_NAME)";
				SWIFT_VERSION = 5.0;
				TARGETED_DEVICE_FAMILY = "1,2";
			};
			name = Release;
		};
/* End XCBuildConfiguration section */

/* Begin XCConfigurationList section */
		F2827280233299F0004E94E0 /* Build configuration list for PBXProject "CanIGetUp" */ = {
			isa = XCConfigurationList;
			buildConfigurations = (
				F2827295233299F8004E94E0 /* Debug */,
				F2827296233299F8004E94E0 /* Release */,
			);
			defaultConfigurationIsVisible = 0;
			defaultConfigurationName = Release;
		};
		F2827297233299F8004E94E0 /* Build configuration list for PBXNativeTarget "CanIGetUp" */ = {
			isa = XCConfigurationList;
			buildConfigurations = (
				F2827298233299F8004E94E0 /* Debug */,
				F2827299233299F8004E94E0 /* Release */,
			);
			defaultConfigurationIsVisible = 0;
			defaultConfigurationName = Release;
		};
/* End XCConfigurationList section */
	};
	rootObject = F282727D233299F0004E94E0 /* Project object */;
}
